
Microsoft Visual Studio Solution File, Format Version 12.00
# Visual Studio Version 16
VisualStudioVersion = 16.0.31229.75
MinimumVisualStudioVersion = 10.0.40219.1
Project("{FAE04EC0-301F-11D3-BF4B-00C04F79EFBC}") = "DateMan", "DateMan\DateMan.csproj", "{2554A999-31F2-48E5-B1EF-365221ECFA58}"
EndProject
Global
	GlobalSection(SolutionConfigurationPlatforms) = preSolution
		Debug|Any CPU = Debug|Any CPU
		Release|Any CPU = Release|Any CPU
	EndGlobalSection
	GlobalSection(ProjectConfigurationPlatforms) = postSolution
		{2554A999-31F2-48E5-B1EF-365221ECFA58}.Debug|Any CPU.ActiveCfg = Debug|Any CPU
		{2554A999-31F2-48E5-B1EF-365221ECFA58}.Debug|Any CPU.Build.0 = Debug|Any CPU
		{2554A999-31F2-48E5-B1EF-365221ECFA58}.Release|Any CPU.ActiveCfg = Release|Any CPU
		{2554A999-31F2-48E5-B1EF-365221ECFA58}.Release|Any CPU.Build.0 = Release|Any CPU
	EndGlobalSection
	GlobalSection(SolutionProperties) = preSolution
		HideSolutionNode = FALSE
	EndGlobalSection
	GlobalSection(ExtensibilityGlobals) = postSolution
		SolutionGuid = {3B4964F0-A7FC-4040-B001-533DF35C8B74}
	EndGlobalSection
EndGlobal
